
Microsoft Visual Studio Solution File, Format Version 12.00
# Visual Studio 14
VisualStudioVersion = 14.0.25420.1
MinimumVisualStudioVersion = 10.0.40219.1
Project("{FAE04EC0-301F-11D3-BF4B-00C04F79EFBC}") = "Person_application", "demo_04\Person_application.csproj", "{935C9B5A-5679-4FB6-8BD4-B1AAB5479868}"
EndProject
Project("{FAE04EC0-301F-11D3-BF4B-00C04F79EFBC}") = "teht01_Elevator", "teht01_Elevator\teht01_Elevator.csproj", "{65B5C88F-E181-490B-900E-0D4B33F68E06}"
EndProject
Project("{FAE04EC0-301F-11D3-BF4B-00C04F79EFBC}") = "teht02_Vahvistin", "teht02_Vahvistin\teht02_Vahvistin.csproj", "{8DF7E01D-149C-4560-B64F-3BBF7999DC0C}"
EndProject
Global
	GlobalSection(SolutionConfigurationPlatforms) = preSolution
		Debug|Any CPU = Debug|Any CPU
		Release|Any CPU = Release|Any CPU
	EndGlobalSection
	GlobalSection(ProjectConfigurationPlatforms) = postSolution
		{935C9B5A-5679-4FB6-8BD4-B1AAB5479868}.Debug|Any CPU.ActiveCfg = Debug|Any CPU
		{935C9B5A-5679-4FB6-8BD4-B1AAB5479868}.Debug|Any CPU.Build.0 = Debug|Any CPU
		{935C9B5A-5679-4FB6-8BD4-B1AAB5479868}.Release|Any CPU.ActiveCfg = Release|Any CPU
		{935C9B5A-5679-4FB6-8BD4-B1AAB5479868}.Release|Any CPU.Build.0 = Release|Any CPU
		{65B5C88F-E181-490B-900E-0D4B33F68E06}.Debug|Any CPU.ActiveCfg = Debug|Any CPU
		{65B5C88F-E181-490B-900E-0D4B33F68E06}.Debug|Any CPU.Build.0 = Debug|Any CPU
		{65B5C88F-E181-490B-900E-0D4B33F68E06}.Release|Any CPU.ActiveCfg = Release|Any CPU
		{65B5C88F-E181-490B-900E-0D4B33F68E06}.Release|Any CPU.Build.0 = Release|Any CPU
		{8DF7E01D-149C-4560-B64F-3BBF7999DC0C}.Debug|Any CPU.ActiveCfg = Debug|Any CPU
		{8DF7E01D-149C-4560-B64F-3BBF7999DC0C}.Debug|Any CPU.Build.0 = Debug|Any CPU
		{8DF7E01D-149C-4560-B64F-3BBF7999DC0C}.Release|Any CPU.ActiveCfg = Release|Any CPU
		{8DF7E01D-149C-4560-B64F-3BBF7999DC0C}.Release|Any CPU.Build.0 = Release|Any CPU
	EndGlobalSection
	GlobalSection(SolutionProperties) = preSolution
		HideSolutionNode = FALSE
	EndGlobalSection
EndGlobal
